
Microsoft Visual Studio Solution File, Format Version 12.00
# Visual Studio Version 17
VisualStudioVersion = 17.3.32819.101
MinimumVisualStudioVersion = 10.0.40219.1
Project("{FAE04EC0-301F-11D3-BF4B-00C04F79EFBC}") = "PROYECTO INVENTARIO", "PROYECTO INVENTARIO\PROYECTO INVENTARIO.csproj", "{9CDC020A-053C-428E-B576-817D7C0ABD4B}"
EndProject
Global
	GlobalSection(SolutionConfigurationPlatforms) = preSolution
		Debug|Any CPU = Debug|Any CPU
		Release|Any CPU = Release|Any CPU
	EndGlobalSection
	GlobalSection(ProjectConfigurationPlatforms) = postSolution
		{9CDC020A-053C-428E-B576-817D7C0ABD4B}.Debug|Any CPU.ActiveCfg = Debug|Any CPU
		{9CDC020A-053C-428E-B576-817D7C0ABD4B}.Debug|Any CPU.Build.0 = Debug|Any CPU
		{9CDC020A-053C-428E-B576-817D7C0ABD4B}.Release|Any CPU.ActiveCfg = Release|Any CPU
		{9CDC020A-053C-428E-B576-817D7C0ABD4B}.Release|Any CPU.Build.0 = Release|Any CPU
	EndGlobalSection
	GlobalSection(SolutionProperties) = preSolution
		HideSolutionNode = FALSE
	EndGlobalSection
	GlobalSection(ExtensibilityGlobals) = postSolution
		SolutionGuid = {11370537-142E-4BC3-BDC6-92B1BF7E6A46}
	EndGlobalSection
EndGlobal
